
Microsoft Visual Studio Solution File, Format Version 12.00
# Visual Studio Version 16
VisualStudioVersion = 16.0.30114.105
MinimumVisualStudioVersion = 10.0.40219.1
Project("{FAE04EC0-301F-11D3-BF4B-00C04F79EFBC}") = "R5T.L0008", "R5T.L0008\R5T.L0008.csproj", "{7D419A2E-7456-4226-B20E-C23AEA35379A}"
EndProject
Project("{FAE04EC0-301F-11D3-BF4B-00C04F79EFBC}") = "R5T.L0008.Construction", "R5T.L0008.Construction\R5T.L0008.Construction.csproj", "{EDC8D4DB-3B97-46BA-AF43-7F8E41888339}"
EndProject
Project("{FAE04EC0-301F-11D3-BF4B-00C04F79EFBC}") = "R5T.L0008.Extensions", "R5T.L0008.Extensions\R5T.L0008.Extensions.csproj", "{3E3B9B77-B2B5-416A-BCD8-A27002F484CD}"
EndProject
Global
	GlobalSection(SolutionConfigurationPlatforms) = preSolution
		Debug|Any CPU = Debug|Any CPU
		Debug|x64 = Debug|x64
		Debug|x86 = Debug|x86
		Release|Any CPU = Release|Any CPU
		Release|x64 = Release|x64
		Release|x86 = Release|x86
	EndGlobalSection
	GlobalSection(SolutionProperties) = preSolution
		HideSolutionNode = FALSE
	EndGlobalSection
	GlobalSection(ProjectConfigurationPlatforms) = postSolution
		{7D419A2E-7456-4226-B20E-C23AEA35379A}.Debug|Any CPU.ActiveCfg = Debug|Any CPU
		{7D419A2E-7456-4226-B20E-C23AEA35379A}.Debug|Any CPU.Build.0 = Debug|Any CPU
		{7D419A2E-7456-4226-B20E-C23AEA35379A}.Debug|x64.ActiveCfg = Debug|Any CPU
		{7D419A2E-7456-4226-B20E-C23AEA35379A}.Debug|x64.Build.0 = Debug|Any CPU
		{7D419A2E-7456-4226-B20E-C23AEA35379A}.Debug|x86.ActiveCfg = Debug|Any CPU
		{7D419A2E-7456-4226-B20E-C23AEA35379A}.Debug|x86.Build.0 = Debug|Any CPU
		{7D419A2E-7456-4226-B20E-C23AEA35379A}.Release|Any CPU.ActiveCfg = Release|Any CPU
		{7D419A2E-7456-4226-B20E-C23AEA35379A}.Release|Any CPU.Build.0 = Release|Any CPU
		{7D419A2E-7456-4226-B20E-C23AEA35379A}.Release|x64.ActiveCfg = Release|Any CPU
		{7D419A2E-7456-4226-B20E-C23AEA35379A}.Release|x64.Build.0 = Release|Any CPU
		{7D419A2E-7456-4226-B20E-C23AEA35379A}.Release|x86.ActiveCfg = Release|Any CPU
		{7D419A2E-7456-4226-B20E-C23AEA35379A}.Release|x86.Build.0 = Release|Any CPU
		{EDC8D4DB-3B97-46BA-AF43-7F8E41888339}.Debug|Any CPU.ActiveCfg = Debug|Any CPU
		{EDC8D4DB-3B97-46BA-AF43-7F8E41888339}.Debug|Any CPU.Build.0 = Debug|Any CPU
		{EDC8D4DB-3B97-46BA-AF43-7F8E41888339}.Debug|x64.ActiveCfg = Debug|Any CPU
		{EDC8D4DB-3B97-46BA-AF43-7F8E41888339}.Debug|x64.Build.0 = Debug|Any CPU
		{EDC8D4DB-3B97-46BA-AF43-7F8E41888339}.Debug|x86.ActiveCfg = Debug|Any CPU
		{EDC8D4DB-3B97-46BA-AF43-7F8E41888339}.Debug|x86.Build.0 = Debug|Any CPU
		{EDC8D4DB-3B97-46BA-AF43-7F8E41888339}.Release|Any CPU.ActiveCfg = Release|Any CPU
		{EDC8D4DB-3B97-46BA-AF43-7F8E41888339}.Release|Any CPU.Build.0 = Release|Any CPU
		{EDC8D4DB-3B97-46BA-AF43-7F8E41888339}.Release|x64.ActiveCfg = Release|Any CPU
		{EDC8D4DB-3B97-46BA-AF43-7F8E41888339}.Release|x64.Build.0 = Release|Any CPU
		{EDC8D4DB-3B97-46BA-AF43-7F8E41888339}.Release|x86.ActiveCfg = Release|Any CPU
		{EDC8D4DB-3B97-46BA-AF43-7F8E41888339}.Release|x86.Build.0 = Release|Any CPU
		{3E3B9B77-B2B5-416A-BCD8-A27002F484CD}.Debug|Any CPU.ActiveCfg = Debug|Any CPU
		{3E3B9B77-B2B5-416A-BCD8-A27002F484CD}.Debug|Any CPU.Build.0 = Debug|Any CPU
		{3E3B9B77-B2B5-416A-BCD8-A27002F484CD}.Debug|x64.ActiveCfg = Debug|Any CPU
		{3E3B9B77-B2B5-416A-BCD8-A27002F484CD}.Debug|x64.Build.0 = Debug|Any CPU
		{3E3B9B77-B2B5-416A-BCD8-A27002F484CD}.Debug|x86.ActiveCfg = Debug|Any CPU
		{3E3B9B77-B2B5-416A-BCD8-A27002F484CD}.Debug|x86.Build.0 = Debug|Any CPU
		{3E3B9B77-B2B5-416A-BCD8-A27002F484CD}.Release|Any CPU.ActiveCfg = Release|Any CPU
		{3E3B9B77-B2B5-416A-BCD8-A27002F484CD}.Release|Any CPU.Build.0 = Release|Any CPU
		{3E3B9B77-B2B5-416A-BCD8-A27002F484CD}.Release|x64.ActiveCfg = Release|Any CPU
		{3E3B9B77-B2B5-416A-BCD8-A27002F484CD}.Release|x64.Build.0 = Release|Any CPU
		{3E3B9B77-B2B5-416A-BCD8-A27002F484CD}.Release|x86.ActiveCfg = Release|Any CPU
		{3E3B9B77-B2B5-416A-BCD8-A27002F484CD}.Release|x86.Build.0 = Release|Any CPU
	EndGlobalSection
EndGlobal
